
Microsoft Visual Studio Solution File, Format Version 12.00
# Visual Studio 15
VisualStudioVersion = 15.0.27428.2011
MinimumVisualStudioVersion = 10.0.40219.1
Project("{FAE04EC0-301F-11D3-BF4B-00C04F79EFBC}") = "EnvironmentVariable1", "EnvironmentVariable1\EnvironmentVariable1.csproj", "{60073181-D38D-4827-ADC7-E812DFA39CE3}"
EndProject
Global
	GlobalSection(SolutionConfigurationPlatforms) = preSolution
		Debug|Any CPU = Debug|Any CPU
		Release|Any CPU = Release|Any CPU
	EndGlobalSection
	GlobalSection(ProjectConfigurationPlatforms) = postSolution
		{60073181-D38D-4827-ADC7-E812DFA39CE3}.Debug|Any CPU.ActiveCfg = Debug|Any CPU
		{60073181-D38D-4827-ADC7-E812DFA39CE3}.Debug|Any CPU.Build.0 = Debug|Any CPU
		{60073181-D38D-4827-ADC7-E812DFA39CE3}.Release|Any CPU.ActiveCfg = Release|Any CPU
		{60073181-D38D-4827-ADC7-E812DFA39CE3}.Release|Any CPU.Build.0 = Release|Any CPU
	EndGlobalSection
	GlobalSection(SolutionProperties) = preSolution
		HideSolutionNode = FALSE
	EndGlobalSection
	GlobalSection(ExtensibilityGlobals) = postSolution
		SolutionGuid = {72C57E0E-58D9-45F8-9888-A9310A3E167B}
	EndGlobalSection
EndGlobal
